
Microsoft Visual Studio Solution File, Format Version 12.00
# Visual Studio Version 17
VisualStudioVersion = 17.13.35825.156 d17.13
MinimumVisualStudioVersion = 10.0.40219.1
Project("{FAE04EC0-301F-11D3-BF4B-00C04F79EFBC}") = "Function", "Function\Function.csproj", "{986268D2-C19F-4249-B7B8-53DA64357E49}"
EndProject
Global
	GlobalSection(SolutionConfigurationPlatforms) = preSolution
		Debug|Any CPU = Debug|Any CPU
		Release|Any CPU = Release|Any CPU
	EndGlobalSection
	GlobalSection(ProjectConfigurationPlatforms) = postSolution
		{986268D2-C19F-4249-B7B8-53DA64357E49}.Debug|Any CPU.ActiveCfg = Debug|Any CPU
		{986268D2-C19F-4249-B7B8-53DA64357E49}.Debug|Any CPU.Build.0 = Debug|Any CPU
		{986268D2-C19F-4249-B7B8-53DA64357E49}.Release|Any CPU.ActiveCfg = Release|Any CPU
		{986268D2-C19F-4249-B7B8-53DA64357E49}.Release|Any CPU.Build.0 = Release|Any CPU
	EndGlobalSection
	GlobalSection(SolutionProperties) = preSolution
		HideSolutionNode = FALSE
	EndGlobalSection
	GlobalSection(ExtensibilityGlobals) = postSolution
		SolutionGuid = {DEC8B15B-2B16-4D15-9599-4C550E647FF4}
	EndGlobalSection
EndGlobal
