
Microsoft Visual Studio Solution File, Format Version 12.00
# Visual Studio Version 17
VisualStudioVersion = 17.7.34031.279
MinimumVisualStudioVersion = 10.0.40219.1
Project("{FAE04EC0-301F-11D3-BF4B-00C04F79EFBC}") = "Race", "Race\Race.csproj", "{784A72D0-D02C-4B78-B21E-237946A40A0E}"
EndProject
Global
	GlobalSection(SolutionConfigurationPlatforms) = preSolution
		Debug|Any CPU = Debug|Any CPU
		Release|Any CPU = Release|Any CPU
	EndGlobalSection
	GlobalSection(ProjectConfigurationPlatforms) = postSolution
		{784A72D0-D02C-4B78-B21E-237946A40A0E}.Debug|Any CPU.ActiveCfg = Debug|Any CPU
		{784A72D0-D02C-4B78-B21E-237946A40A0E}.Debug|Any CPU.Build.0 = Debug|Any CPU
		{784A72D0-D02C-4B78-B21E-237946A40A0E}.Release|Any CPU.ActiveCfg = Release|Any CPU
		{784A72D0-D02C-4B78-B21E-237946A40A0E}.Release|Any CPU.Build.0 = Release|Any CPU
	EndGlobalSection
	GlobalSection(SolutionProperties) = preSolution
		HideSolutionNode = FALSE
	EndGlobalSection
	GlobalSection(ExtensibilityGlobals) = postSolution
		SolutionGuid = {36BB5B0D-9F1A-405C-ABBB-1CE06D6B7B45}
	EndGlobalSection
EndGlobal
