
Microsoft Visual Studio Solution File, Format Version 12.00
# Visual Studio Version 17
VisualStudioVersion = 17.13.35825.156 d17.13
MinimumVisualStudioVersion = 10.0.40219.1
Project("{FAE04EC0-301F-11D3-BF4B-00C04F79EFBC}") = "Dictionary", "Dictionary\Dictionary.csproj", "{1DB2B961-E9BE-4177-9049-298286EBB64F}"
EndProject
Global
	GlobalSection(SolutionConfigurationPlatforms) = preSolution
		Debug|Any CPU = Debug|Any CPU
		Release|Any CPU = Release|Any CPU
	EndGlobalSection
	GlobalSection(ProjectConfigurationPlatforms) = postSolution
		{1DB2B961-E9BE-4177-9049-298286EBB64F}.Debug|Any CPU.ActiveCfg = Debug|Any CPU
		{1DB2B961-E9BE-4177-9049-298286EBB64F}.Debug|Any CPU.Build.0 = Debug|Any CPU
		{1DB2B961-E9BE-4177-9049-298286EBB64F}.Release|Any CPU.ActiveCfg = Release|Any CPU
		{1DB2B961-E9BE-4177-9049-298286EBB64F}.Release|Any CPU.Build.0 = Release|Any CPU
	EndGlobalSection
	GlobalSection(SolutionProperties) = preSolution
		HideSolutionNode = FALSE
	EndGlobalSection
	GlobalSection(ExtensibilityGlobals) = postSolution
		SolutionGuid = {C49ACBFB-A8F7-4EF0-9C50-317E35750068}
	EndGlobalSection
EndGlobal
